
Microsoft Visual Studio Solution File, Format Version 12.00
# Visual Studio Version 16
VisualStudioVersion = 16.0.31729.503
MinimumVisualStudioVersion = 10.0.40219.1
Project("{FAE04EC0-301F-11D3-BF4B-00C04F79EFBC}") = "JavaKidz", "JavaKidz\JavaKidz.csproj", "{7F2ABDE4-BF1B-454C-B6F8-3A88E62CF6F1}"
EndProject
Global
	GlobalSection(SolutionConfigurationPlatforms) = preSolution
		Debug|Any CPU = Debug|Any CPU
		Release|Any CPU = Release|Any CPU
	EndGlobalSection
	GlobalSection(ProjectConfigurationPlatforms) = postSolution
		{7F2ABDE4-BF1B-454C-B6F8-3A88E62CF6F1}.Debug|Any CPU.ActiveCfg = Debug|Any CPU
		{7F2ABDE4-BF1B-454C-B6F8-3A88E62CF6F1}.Debug|Any CPU.Build.0 = Debug|Any CPU
		{7F2ABDE4-BF1B-454C-B6F8-3A88E62CF6F1}.Release|Any CPU.ActiveCfg = Release|Any CPU
		{7F2ABDE4-BF1B-454C-B6F8-3A88E62CF6F1}.Release|Any CPU.Build.0 = Release|Any CPU
	EndGlobalSection
	GlobalSection(SolutionProperties) = preSolution
		HideSolutionNode = FALSE
	EndGlobalSection
	GlobalSection(ExtensibilityGlobals) = postSolution
		SolutionGuid = {81E19D43-00F2-4301-BC94-FB8EB62214DF}
	EndGlobalSection
EndGlobal
